
Microsoft Visual Studio Solution File, Format Version 12.00
# Visual Studio Version 17
VisualStudioVersion = 17.6.33712.159
MinimumVisualStudioVersion = 10.0.40219.1
Project("{FAE04EC0-301F-11D3-BF4B-00C04F79EFBC}") = "Miki_Shop_Server", "Miki_Shop_Server.csproj", "{3732CD9C-BE3B-4FD8-8C5D-D603F6BF4FEF}"
EndProject
Global
	GlobalSection(SolutionConfigurationPlatforms) = preSolution
		Debug|Any CPU = Debug|Any CPU
		Release|Any CPU = Release|Any CPU
	EndGlobalSection
	GlobalSection(ProjectConfigurationPlatforms) = postSolution
		{3732CD9C-BE3B-4FD8-8C5D-D603F6BF4FEF}.Debug|Any CPU.ActiveCfg = Debug|Any CPU
		{3732CD9C-BE3B-4FD8-8C5D-D603F6BF4FEF}.Debug|Any CPU.Build.0 = Debug|Any CPU
		{3732CD9C-BE3B-4FD8-8C5D-D603F6BF4FEF}.Release|Any CPU.ActiveCfg = Release|Any CPU
		{3732CD9C-BE3B-4FD8-8C5D-D603F6BF4FEF}.Release|Any CPU.Build.0 = Release|Any CPU
	EndGlobalSection
	GlobalSection(SolutionProperties) = preSolution
		HideSolutionNode = FALSE
	EndGlobalSection
	GlobalSection(ExtensibilityGlobals) = postSolution
		SolutionGuid = {02488031-38E3-4BD2-A919-52D73E12F0C0}
	EndGlobalSection
EndGlobal
